// !$*UTF8*$!
{
	archiveVersion = 1;
	classes = {
	};
	objectVersion = 56;
	objects = {

/* Begin PBXBuildFile section */
		3D3AB2BA2F77D0BB000420A2 /* SmartShopAIApp.swift in Sources */ = {isa = PBXBuildFile; fileRef = 3D3AB2B92F77D0BB000420A2 /* SmartShopAIApp.swift */; };
		3D3AB2BC2F77D0BB000420A2 /* ContentView.swift in Sources */ = {isa = PBXBuildFile; fileRef = 3D3AB2BB2F77D0BB000420A2 /* ContentView.swift */; };
		3D3AB2BE2F77D0BE000420A2 /* Assets.xcassets in Resources */ = {isa = PBXBuildFile; fileRef = 3D3AB2BD2F77D0BE000420A2 /* Assets.xcassets */; };
		3D3AB2C12F77D0BE000420A2 /* Preview Assets.xcassets in Resources */ = {isa = PBXBuildFile; fileRef = 3D3AB2C02F77D0BE000420A2 /* Preview Assets.xcassets */; };
		3D3AB2D22F77D20F000420A2 /* OpenAIService.swift in Sources */ = {isa = PBXBuildFile; fileRef = 3D3AB2D12F77D20F000420A2 /* OpenAIService.swift */; };
		3D3AB2D42F77D22C000420A2 /* EmbeddingService.swift in Sources */ = {isa = PBXBuildFile; fileRef = 3D3AB2D32F77D22C000420A2 /* EmbeddingService.swift */; };
		3D3AB2D62F77D24C000420A2 /* RAGEngine.swift in Sources */ = {isa = PBXBuildFile; fileRef = 3D3AB2D52F77D24C000420A2 /* RAGEngine.swift */; };
		3D3AB2D82F77D258000420A2 /* OpenAIResponse.swift in Sources */ = {isa = PBXBuildFile; fileRef = 3D3AB2D72F77D258000420A2 /* OpenAIResponse.swift */; };
		3D3AB2DA2F77D275000420A2 /* Product.swift in Sources */ = {isa = PBXBuildFile; fileRef = 3D3AB2D92F77D275000420A2 /* Product.swift */; };
		3D3AB2DC2F77D2A6000420A2 /* ProductRepository.swift in Sources */ = {isa = PBXBuildFile; fileRef = 3D3AB2DB2F77D2A6000420A2 /* ProductRepository.swift */; };
		3D3AB2DE2F77D2CC000420A2 /* VectorUtils.swift in Sources */ = {isa = PBXBuildFile; fileRef = 3D3AB2DD2F77D2CC000420A2 /* VectorUtils.swift */; };
		3D3AB2E02F77D306000420A2 /* AIChatView.swift in Sources */ = {isa = PBXBuildFile; fileRef = 3D3AB2DF2F77D306000420A2 /* AIChatView.swift */; };
		3D3AB2E22F77D312000420A2 /* AIChatViewModel.swift in Sources */ = {isa = PBXBuildFile; fileRef = 3D3AB2E12F77D312000420A2 /* AIChatViewModel.swift */; };
		3D3AB2E42F77D31D000420A2 /* ChatBubbleView.swift in Sources */ = {isa = PBXBuildFile; fileRef = 3D3AB2E32F77D31D000420A2 /* ChatBubbleView.swift */; };
		3D3AB2E62F77D32B000420A2 /* AIChatMessage.swift in Sources */ = {isa = PBXBuildFile; fileRef = 3D3AB2E52F77D32B000420A2 /* AIChatMessage.swift */; };
		3D3AB2E82F77D33E000420A2 /* HomeView.swift in Sources */ = {isa = PBXBuildFile; fileRef = 3D3AB2E72F77D33E000420A2 /* HomeView.swift */; };
		3D3AB2EA2F77D3CA000420A2 /* products.json in Resources */ = {isa = PBXBuildFile; fileRef = 3D3AB2E92F77D3CA000420A2 /* products.json */; };
		3D3AB2EC2F77D808000420A2 /* ProductCardView.swift in Sources */ = {isa = PBXBuildFile; fileRef = 3D3AB2EB2F77D808000420A2 /* ProductCardView.swift */; };
		3D3AB2EE2F77D9C6000420A2 /* EmbeddingResponse.swift in Sources */ = {isa = PBXBuildFile; fileRef = 3D3AB2ED2F77D9C6000420A2 /* EmbeddingResponse.swift */; };
		3D3AB2F12F77E46F000420A2 /* Config.plist in Resources */ = {isa = PBXBuildFile; fileRef = 3D3AB2F02F77E46F000420A2 /* Config.plist */; };
		3D3AB2F32F77E4EE000420A2 /* Config.swift in Sources */ = {isa = PBXBuildFile; fileRef = 3D3AB2F22F77E4EE000420A2 /* Config.swift */; };
/* End PBXBuildFile section */

/* Begin PBXFileReference section */
		3D3AB2B62F77D0BB000420A2 /* SmartShopAI.app */ = {isa = PBXFileReference; explicitFileType = wrapper.application; includeInIndex = 0; path = SmartShopAI.app; sourceTree = BUILT_PRODUCTS_DIR; };
		3D3AB2B92F77D0BB000420A2 /* SmartShopAIApp.swift */ = {isa = PBXFileReference; lastKnownFileType = sourcecode.swift; path = SmartShopAIApp.swift; sourceTree = "<group>"; };
		3D3AB2BB2F77D0BB000420A2 /* ContentView.swift */ = {isa = PBXFileReference; lastKnownFileType = sourcecode.swift; path = ContentView.swift; sourceTree = "<group>"; };
		3D3AB2BD2F77D0BE000420A2 /* Assets.xcassets */ = {isa = PBXFileReference; lastKnownFileType = folder.assetcatalog; path = Assets.xcassets; sourceTree = "<group>"; };
		3D3AB2C02F77D0BE000420A2 /* Preview Assets.xcassets */ = {isa = PBXFileReference; lastKnownFileType = folder.assetcatalog; path = "Preview Assets.xcassets"; sourceTree = "<group>"; };
		3D3AB2D12F77D20F000420A2 /* OpenAIService.swift */ = {isa = PBXFileReference; lastKnownFileType = sourcecode.swift; path = OpenAIService.swift; sourceTree = "<group>"; };
		3D3AB2D32F77D22C000420A2 /* EmbeddingService.swift */ = {isa = PBXFileReference; lastKnownFileType = sourcecode.swift; path = EmbeddingService.swift; sourceTree = "<group>"; };
		3D3AB2D52F77D24C000420A2 /* RAGEngine.swift */ = {isa = PBXFileReference; lastKnownFileType = sourcecode.swift; path = RAGEngine.swift; sourceTree = "<group>"; };
		3D3AB2D72F77D258000420A2 /* OpenAIResponse.swift */ = {isa = PBXFileReference; lastKnownFileType = sourcecode.swift; path = OpenAIResponse.swift; sourceTree = "<group>"; };
		3D3AB2D92F77D275000420A2 /* Product.swift */ = {isa = PBXFileReference; lastKnownFileType = sourcecode.swift; path = Product.swift; sourceTree = "<group>"; };
		3D3AB2DB2F77D2A6000420A2 /* ProductRepository.swift */ = {isa = PBXFileReference; lastKnownFileType = sourcecode.swift; path = ProductRepository.swift; sourceTree = "<group>"; };
		3D3AB2DD2F77D2CC000420A2 /* VectorUtils.swift */ = {isa = PBXFileReference; lastKnownFileType = sourcecode.swift; path = VectorUtils.swift; sourceTree = "<group>"; };
		3D3AB2DF2F77D306000420A2 /* AIChatView.swift */ = {isa = PBXFileReference; lastKnownFileType = sourcecode.swift; path = AIChatView.swift; sourceTree = "<group>"; };
		3D3AB2E12F77D312000420A2 /* AIChatViewModel.swift */ = {isa = PBXFileReference; lastKnownFileType = sourcecode.swift; path = AIChatViewModel.swift; sourceTree = "<group>"; };
		3D3AB2E32F77D31D000420A2 /* ChatBubbleView.swift */ = {isa = PBXFileReference; lastKnownFileType = sourcecode.swift; path = ChatBubbleView.swift; sourceTree = "<group>"; };
		3D3AB2E52F77D32B000420A2 /* AIChatMessage.swift */ = {isa = PBXFileReference; lastKnownFileType = sourcecode.swift; path = AIChatMessage.swift; sourceTree = "<group>"; };
		3D3AB2E72F77D33E000420A2 /* HomeView.swift */ = {isa = PBXFileReference; lastKnownFileType = sourcecode.swift; path = HomeView.swift; sourceTree = "<group>"; };
		3D3AB2E92F77D3CA000420A2 /* products.json */ = {isa = PBXFileReference; lastKnownFileType = text.json; path = products.json; sourceTree = "<group>"; };
		3D3AB2EB2F77D808000420A2 /* ProductCardView.swift */ = {isa = PBXFileReference; lastKnownFileType = sourcecode.swift; path = ProductCardView.swift; sourceTree = "<group>"; };
		3D3AB2ED2F77D9C6000420A2 /* EmbeddingResponse.swift */ = {isa = PBXFileReference; lastKnownFileType = sourcecode.swift; path = EmbeddingResponse.swift; sourceTree = "<group>"; };
		3D3AB2F02F77E46F000420A2 /* Config.plist */ = {isa = PBXFileReference; lastKnownFileType = text.plist.xml; path = Config.plist; sourceTree = "<group>"; };
		3D3AB2F22F77E4EE000420A2 /* Config.swift */ = {isa = PBXFileReference; lastKnownFileType = sourcecode.swift; path = Config.swift; sourceTree = "<group>"; };
/* End PBXFileReference section */

/* Begin PBXFrameworksBuildPhase section */
		3D3AB2B32F77D0BB000420A2 /* Frameworks */ = {
			isa = PBXFrameworksBuildPhase;
			buildActionMask = 2147483647;
			files = (
			);
			runOnlyForDeploymentPostprocessing = 0;
		};
/* End PBXFrameworksBuildPhase section */

/* Begin PBXGroup section */
		3D3AB2AD2F77D0BB000420A2 = {
			isa = PBXGroup;
			children = (
				3D3AB2B82F77D0BB000420A2 /* SmartShopAI */,
				3D3AB2B72F77D0BB000420A2 /* Products */,
			);
			sourceTree = "<group>";
		};
		3D3AB2B72F77D0BB000420A2 /* Products */ = {
			isa = PBXGroup;
			children = (
				3D3AB2B62F77D0BB000420A2 /* SmartShopAI.app */,
			);
			name = Products;
			sourceTree = "<group>";
		};
		3D3AB2B82F77D0BB000420A2 /* SmartShopAI */ = {
			isa = PBXGroup;
			children = (
				3D3AB2CA2F77D128000420A2 /* App */,
				3D3AB2C92F77D124000420A2 /* Core */,
				3D3AB2C82F77D11F000420A2 /* Features */,
				3D3AB2C72F77D11B000420A2 /* Resources */,
				3D3AB2B92F77D0BB000420A2 /* SmartShopAIApp.swift */,
				3D3AB2BB2F77D0BB000420A2 /* ContentView.swift */,
				3D3AB2BD2F77D0BE000420A2 /* Assets.xcassets */,
				3D3AB2BF2F77D0BE000420A2 /* Preview Content */,
			);
			path = SmartShopAI;
			sourceTree = "<group>";
		};
		3D3AB2BF2F77D0BE000420A2 /* Preview Content */ = {
			isa = PBXGroup;
			children = (
				3D3AB2C02F77D0BE000420A2 /* Preview Assets.xcassets */,
			);
			path = "Preview Content";
			sourceTree = "<group>";
		};
		3D3AB2C72F77D11B000420A2 /* Resources */ = {
			isa = PBXGroup;
			children = (
				3D3AB2E92F77D3CA000420A2 /* products.json */,
			);
			path = Resources;
			sourceTree = "<group>";
		};
		3D3AB2C82F77D11F000420A2 /* Features */ = {
			isa = PBXGroup;
			children = (
				3D3AB2D02F77D1AF000420A2 /* Home */,
				3D3AB2CF2F77D1AB000420A2 /* AIChat */,
			);
			path = Features;
			sourceTree = "<group>";
		};
		3D3AB2C92F77D124000420A2 /* Core */ = {
			isa = PBXGroup;
			children = (
				3D3AB2CE2F77D168000420A2 /* AIEngine */,
				3D3AB2CD2F77D163000420A2 /* Models */,
				3D3AB2CC2F77D15C000420A2 /* Persistence */,
				3D3AB2CB2F77D157000420A2 /* Utils */,
			);
			path = Core;
			sourceTree = "<group>";
		};
		3D3AB2CA2F77D128000420A2 /* App */ = {
			isa = PBXGroup;
			children = (
				3D3AB2EF2F77E424000420A2 /* Config */,
			);
			path = App;
			sourceTree = "<group>";
		};
		3D3AB2CB2F77D157000420A2 /* Utils */ = {
			isa = PBXGroup;
			children = (
				3D3AB2DD2F77D2CC000420A2 /* VectorUtils.swift */,
			);
			path = Utils;
			sourceTree = "<group>";
		};
		3D3AB2CC2F77D15C000420A2 /* Persistence */ = {
			isa = PBXGroup;
			children = (
				3D3AB2DB2F77D2A6000420A2 /* ProductRepository.swift */,
			);
			path = Persistence;
			sourceTree = "<group>";
		};
		3D3AB2CD2F77D163000420A2 /* Models */ = {
			isa = PBXGroup;
			children = (
				3D3AB2D92F77D275000420A2 /* Product.swift */,
			);
			path = Models;
			sourceTree = "<group>";
		};
		3D3AB2CE2F77D168000420A2 /* AIEngine */ = {
			isa = PBXGroup;
			children = (
				3D3AB2F22F77E4EE000420A2 /* Config.swift */,
				3D3AB2D12F77D20F000420A2 /* OpenAIService.swift */,
				3D3AB2D32F77D22C000420A2 /* EmbeddingService.swift */,
				3D3AB2D52F77D24C000420A2 /* RAGEngine.swift */,
				3D3AB2D72F77D258000420A2 /* OpenAIResponse.swift */,
				3D3AB2ED2F77D9C6000420A2 /* EmbeddingResponse.swift */,
			);
			path = AIEngine;
			sourceTree = "<group>";
		};
		3D3AB2CF2F77D1AB000420A2 /* AIChat */ = {
			isa = PBXGroup;
			children = (
				3D3AB2DF2F77D306000420A2 /* AIChatView.swift */,
				3D3AB2E12F77D312000420A2 /* AIChatViewModel.swift */,
				3D3AB2E32F77D31D000420A2 /* ChatBubbleView.swift */,
				3D3AB2E52F77D32B000420A2 /* AIChatMessage.swift */,
				3D3AB2EB2F77D808000420A2 /* ProductCardView.swift */,
			);
			path = AIChat;
			sourceTree = "<group>";
		};
		3D3AB2D02F77D1AF000420A2 /* Home */ = {
			isa = PBXGroup;
			children = (
				3D3AB2E72F77D33E000420A2 /* HomeView.swift */,
			);
			path = Home;
			sourceTree = "<group>";
		};
		3D3AB2EF2F77E424000420A2 /* Config */ = {
			isa = PBXGroup;
			children = (
				3D3AB2F02F77E46F000420A2 /* Config.plist */,
			);
			path = Config;
			sourceTree = "<group>";
		};
/* End PBXGroup section */

/* Begin PBXNativeTarget section */
		3D3AB2B52F77D0BB000420A2 /* SmartShopAI */ = {
			isa = PBXNativeTarget;
			buildConfigurationList = 3D3AB2C42F77D0BE000420A2 /* Build configuration list for PBXNativeTarget "SmartShopAI" */;
			buildPhases = (
				3D3AB2B22F77D0BB000420A2 /* Sources */,
				3D3AB2B32F77D0BB000420A2 /* Frameworks */,
				3D3AB2B42F77D0BB000420A2 /* Resources */,
			);
			buildRules = (
			);
			dependencies = (
			);
			name = SmartShopAI;
			productName = SmartShopAI;
			productReference = 3D3AB2B62F77D0BB000420A2 /* SmartShopAI.app */;
			productType = "com.apple.product-type.application";
		};
/* End PBXNativeTarget section */

/* Begin PBXProject section */
		3D3AB2AE2F77D0BB000420A2 /* Project object */ = {
			isa = PBXProject;
			attributes = {
				BuildIndependentTargetsInParallel = 1;
				LastSwiftUpdateCheck = 1540;
				LastUpgradeCheck = 1540;
				TargetAttributes = {
					3D3AB2B52F77D0BB000420A2 = {
						CreatedOnToolsVersion = 15.4;
					};
				};
			};
			buildConfigurationList = 3D3AB2B12F77D0BB000420A2 /* Build configuration list for PBXProject "SmartShopAI" */;
			compatibilityVersion = "Xcode 14.0";
			developmentRegion = en;
			hasScannedForEncodings = 0;
			knownRegions = (
				en,
				Base,
			);
			mainGroup = 3D3AB2AD2F77D0BB000420A2;
			productRefGroup = 3D3AB2B72F77D0BB000420A2 /* Products */;
			projectDirPath = "";
			projectRoot = "";
			targets = (
				3D3AB2B52F77D0BB000420A2 /* SmartShopAI */,
			);
		};
/* End PBXProject section */

/* Begin PBXResourcesBuildPhase section */
		3D3AB2B42F77D0BB000420A2 /* Resources */ = {
			isa = PBXResourcesBuildPhase;
			buildActionMask = 2147483647;
			files = (
				3D3AB2F12F77E46F000420A2 /* Config.plist in Resources */,
				3D3AB2EA2F77D3CA000420A2 /* products.json in Resources */,
				3D3AB2C12F77D0BE000420A2 /* Preview Assets.xcassets in Resources */,
				3D3AB2BE2F77D0BE000420A2 /* Assets.xcassets in Resources */,
			);
			runOnlyForDeploymentPostprocessing = 0;
		};
/* End PBXResourcesBuildPhase section */

/* Begin PBXSourcesBuildPhase section */
		3D3AB2B22F77D0BB000420A2 /* Sources */ = {
			isa = PBXSourcesBuildPhase;
			buildActionMask = 2147483647;
			files = (
				3D3AB2EE2F77D9C6000420A2 /* EmbeddingResponse.swift in Sources */,
				3D3AB2D82F77D258000420A2 /* OpenAIResponse.swift in Sources */,
				3D3AB2E82F77D33E000420A2 /* HomeView.swift in Sources */,
				3D3AB2BC2F77D0BB000420A2 /* ContentView.swift in Sources */,
				3D3AB2F32F77E4EE000420A2 /* Config.swift in Sources */,
				3D3AB2D62F77D24C000420A2 /* RAGEngine.swift in Sources */,
				3D3AB2DC2F77D2A6000420A2 /* ProductRepository.swift in Sources */,
				3D3AB2D42F77D22C000420A2 /* EmbeddingService.swift in Sources */,
				3D3AB2BA2F77D0BB000420A2 /* SmartShopAIApp.swift in Sources */,
				3D3AB2E42F77D31D000420A2 /* ChatBubbleView.swift in Sources */,
				3D3AB2D22F77D20F000420A2 /* OpenAIService.swift in Sources */,
				3D3AB2EC2F77D808000420A2 /* ProductCardView.swift in Sources */,
				3D3AB2E62F77D32B000420A2 /* AIChatMessage.swift in Sources */,
				3D3AB2DE2F77D2CC000420A2 /* VectorUtils.swift in Sources */,
				3D3AB2E02F77D306000420A2 /* AIChatView.swift in Sources */,
				3D3AB2DA2F77D275000420A2 /* Product.swift in Sources */,
				3D3AB2E22F77D312000420A2 /* AIChatViewModel.swift in Sources */,
			);
			runOnlyForDeploymentPostprocessing = 0;
		};
/* End PBXSourcesBuildPhase section */

/* Begin XCBuildConfiguration section */
		3D3AB2C22F77D0BE000420A2 /* Debug */ = {
			isa = XCBuildConfiguration;
			buildSettings = {
				ALWAYS_SEARCH_USER_PATHS = NO;
				ASSETCATALOG_COMPILER_GENERATE_SWIFT_ASSET_SYMBOL_EXTENSIONS = YES;
				CLANG_ANALYZER_NONNULL = YES;
				CLANG_ANALYZER_NUMBER_OBJECT_CONVERSION = YES_AGGRESSIVE;
				CLANG_CXX_LANGUAGE_STANDARD = "gnu++20";
				CLANG_ENABLE_MODULES = YES;
				CLANG_ENABLE_OBJC_ARC = YES;
				CLANG_ENABLE_OBJC_WEAK = YES;
				CLANG_WARN_BLOCK_CAPTURE_AUTORELEASING = YES;
				CLANG_WARN_BOOL_CONVERSION = YES;
				CLANG_WARN_COMMA = YES;
				CLANG_WARN_CONSTANT_CONVERSION = YES;
				CLANG_WARN_DEPRECATED_OBJC_IMPLEMENTATIONS = YES;
				CLANG_WARN_DIRECT_OBJC_ISA_USAGE = YES_ERROR;
				CLANG_WARN_DOCUMENTATION_COMMENTS = YES;
				CLANG_WARN_EMPTY_BODY = YES;
				CLANG_WARN_ENUM_CONVERSION = YES;
				CLANG_WARN_INFINITE_RECURSION = YES;
				CLANG_WARN_INT_CONVERSION = YES;
				CLANG_WARN_NON_LITERAL_NULL_CONVERSION = YES;
				CLANG_WARN_OBJC_IMPLICIT_RETAIN_SELF = YES;
				CLANG_WARN_OBJC_LITERAL_CONVERSION = YES;
				CLANG_WARN_OBJC_ROOT_CLASS = YES_ERROR;
				CLANG_WARN_QUOTED_INCLUDE_IN_FRAMEWORK_HEADER = YES;
				CLANG_WARN_RANGE_LOOP_ANALYSIS = YES;
				CLANG_WARN_STRICT_PROTOTYPES = YES;
				CLANG_WARN_SUSPICIOUS_MOVE = YES;
				CLANG_WARN_UNGUARDED_AVAILABILITY = YES_AGGRESSIVE;
				CLANG_WARN_UNREACHABLE_CODE = YES;
				CLANG_WARN__DUPLICATE_METHOD_MATCH = YES;
				COPY_PHASE_STRIP = NO;
				DEBUG_INFORMATION_FORMAT = dwarf;
				ENABLE_STRICT_OBJC_MSGSEND = YES;
				ENABLE_TESTABILITY = YES;
				ENABLE_USER_SCRIPT_SANDBOXING = YES;
				GCC_C_LANGUAGE_STANDARD = gnu17;
				GCC_DYNAMIC_NO_PIC = NO;
				GCC_NO_COMMON_BLOCKS = YES;
				GCC_OPTIMIZATION_LEVEL = 0;
				GCC_PREPROCESSOR_DEFINITIONS = (
					"DEBUG=1",
					"$(inherited)",
				);
				GCC_WARN_64_TO_32_BIT_CONVERSION = YES;
				GCC_WARN_ABOUT_RETURN_TYPE = YES_ERROR;
				GCC_WARN_UNDECLARED_SELECTOR = YES;
				GCC_WARN_UNINITIALIZED_AUTOS = YES_AGGRESSIVE;
				GCC_WARN_UNUSED_FUNCTION = YES;
				GCC_WARN_UNUSED_VARIABLE = YES;
				IPHONEOS_DEPLOYMENT_TARGET = 17.5;
				LOCALIZATION_PREFERS_STRING_CATALOGS = YES;
				MTL_ENABLE_DEBUG_INFO = INCLUDE_SOURCE;
				MTL_FAST_MATH = YES;
				ONLY_ACTIVE_ARCH = YES;
				SDKROOT = iphoneos;
				SWIFT_ACTIVE_COMPILATION_CONDITIONS = "DEBUG $(inherited)";
				SWIFT_OPTIMIZATION_LEVEL = "-Onone";
			};
			name = Debug;
		};
		3D3AB2C32F77D0BE000420A2 /* Release */ = {
			isa = XCBuildConfiguration;
			buildSettings = {
				ALWAYS_SEARCH_USER_PATHS = NO;
				ASSETCATALOG_COMPILER_GENERATE_SWIFT_ASSET_SYMBOL_EXTENSIONS = YES;
				CLANG_ANALYZER_NONNULL = YES;
				CLANG_ANALYZER_NUMBER_OBJECT_CONVERSION = YES_AGGRESSIVE;
				CLANG_CXX_LANGUAGE_STANDARD = "gnu++20";
				CLANG_ENABLE_MODULES = YES;
				CLANG_ENABLE_OBJC_ARC = YES;
				CLANG_ENABLE_OBJC_WEAK = YES;
				CLANG_WARN_BLOCK_CAPTURE_AUTORELEASING = YES;
				CLANG_WARN_BOOL_CONVERSION = YES;
				CLANG_WARN_COMMA = YES;
				CLANG_WARN_CONSTANT_CONVERSION = YES;
				CLANG_WARN_DEPRECATED_OBJC_IMPLEMENTATIONS = YES;
				CLANG_WARN_DIRECT_OBJC_ISA_USAGE = YES_ERROR;
				CLANG_WARN_DOCUMENTATION_COMMENTS = YES;
				CLANG_WARN_EMPTY_BODY = YES;
				CLANG_WARN_ENUM_CONVERSION = YES;
				CLANG_WARN_INFINITE_RECURSION = YES;
				CLANG_WARN_INT_CONVERSION = YES;
				CLANG_WARN_NON_LITERAL_NULL_CONVERSION = YES;
				CLANG_WARN_OBJC_IMPLICIT_RETAIN_SELF = YES;
				CLANG_WARN_OBJC_LITERAL_CONVERSION = YES;
				CLANG_WARN_OBJC_ROOT_CLASS = YES_ERROR;
				CLANG_WARN_QUOTED_INCLUDE_IN_FRAMEWORK_HEADER = YES;
				CLANG_WARN_RANGE_LOOP_ANALYSIS = YES;
				CLANG_WARN_STRICT_PROTOTYPES = YES;
				CLANG_WARN_SUSPICIOUS_MOVE = YES;
				CLANG_WARN_UNGUARDED_AVAILABILITY = YES_AGGRESSIVE;
				CLANG_WARN_UNREACHABLE_CODE = YES;
				CLANG_WARN__DUPLICATE_METHOD_MATCH = YES;
				COPY_PHASE_STRIP = NO;
				DEBUG_INFORMATION_FORMAT = "dwarf-with-dsym";
				ENABLE_NS_ASSERTIONS = NO;
				ENABLE_STRICT_OBJC_MSGSEND = YES;
				ENABLE_USER_SCRIPT_SANDBOXING = YES;
				GCC_C_LANGUAGE_STANDARD = gnu17;
				GCC_NO_COMMON_BLOCKS = YES;
				GCC_WARN_64_TO_32_BIT_CONVERSION = YES;
				GCC_WARN_ABOUT_RETURN_TYPE = YES_ERROR;
				GCC_WARN_UNDECLARED_SELECTOR = YES;
				GCC_WARN_UNINITIALIZED_AUTOS = YES_AGGRESSIVE;
				GCC_WARN_UNUSED_FUNCTION = YES;
				GCC_WARN_UNUSED_VARIABLE = YES;
				IPHONEOS_DEPLOYMENT_TARGET = 17.5;
				LOCALIZATION_PREFERS_STRING_CATALOGS = YES;
				MTL_ENABLE_DEBUG_INFO = NO;
				MTL_FAST_MATH = YES;
				SDKROOT = iphoneos;
				SWIFT_COMPILATION_MODE = wholemodule;
				VALIDATE_PRODUCT = YES;
			};
			name = Release;
		};
		3D3AB2C52F77D0BE000420A2 /* Debug */ = {
			isa = XCBuildConfiguration;
			buildSettings = {
				ASSETCATALOG_COMPILER_APPICON_NAME = AppIcon;
				ASSETCATALOG_COMPILER_GLOBAL_ACCENT_COLOR_NAME = AccentColor;
				CODE_SIGN_STYLE = Automatic;
				CURRENT_PROJECT_VERSION = 1;
				DEVELOPMENT_ASSET_PATHS = "\"SmartShopAI/Preview Content\"";
				ENABLE_PREVIEWS = YES;
				GENERATE_INFOPLIST_FILE = YES;
				INFOPLIST_KEY_UIApplicationSceneManifest_Generation = YES;
				INFOPLIST_KEY_UIApplicationSupportsIndirectInputEvents = YES;
				INFOPLIST_KEY_UILaunchScreen_Generation = YES;
				INFOPLIST_KEY_UISupportedInterfaceOrientations_iPad = "UIInterfaceOrientationPortrait UIInterfaceOrientationPortraitUpsideDown UIInterfaceOrientationLandscapeLeft UIInterfaceOrientationLandscapeRight";
				INFOPLIST_KEY_UISupportedInterfaceOrientations_iPhone = "UIInterfaceOrientationPortrait UIInterfaceOrientationLandscapeLeft UIInterfaceOrientationLandscapeRight";
				LD_RUNPATH_SEARCH_PATHS = (
					"$(inherited)",
					"@executable_path/Frameworks",
				);
				MARKETING_VERSION = 1.0;
				PRODUCT_BUNDLE_IDENTIFIER = SmartShopAI.SmartShopAI;
				PRODUCT_NAME = "$(TARGET_NAME)";
				SWIFT_EMIT_LOC_STRINGS = YES;
				SWIFT_VERSION = 5.0;
				TARGETED_DEVICE_FAMILY = "1,2";
			};
			name = Debug;
		};
		3D3AB2C62F77D0BE000420A2 /* Release */ = {
			isa = XCBuildConfiguration;
			buildSettings = {
				ASSETCATALOG_COMPILER_APPICON_NAME = AppIcon;
				ASSETCATALOG_COMPILER_GLOBAL_ACCENT_COLOR_NAME = AccentColor;
				CODE_SIGN_STYLE = Automatic;
				CURRENT_PROJECT_VERSION = 1;
				DEVELOPMENT_ASSET_PATHS = "\"SmartShopAI/Preview Content\"";
				ENABLE_PREVIEWS = YES;
				GENERATE_INFOPLIST_FILE = YES;
				INFOPLIST_KEY_UIApplicationSceneManifest_Generation = YES;
				INFOPLIST_KEY_UIApplicationSupportsIndirectInputEvents = YES;
				INFOPLIST_KEY_UILaunchScreen_Generation = YES;
				INFOPLIST_KEY_UISupportedInterfaceOrientations_iPad = "UIInterfaceOrientationPortrait UIInterfaceOrientationPortraitUpsideDown UIInterfaceOrientationLandscapeLeft UIInterfaceOrientationLandscapeRight";
				INFOPLIST_KEY_UISupportedInterfaceOrientations_iPhone = "UIInterfaceOrientationPortrait UIInterfaceOrientationLandscapeLeft UIInterfaceOrientationLandscapeRight";
				LD_RUNPATH_SEARCH_PATHS = (
					"$(inherited)",
					"@executable_path/Frameworks",
				);
				MARKETING_VERSION = 1.0;
				PRODUCT_BUNDLE_IDENTIFIER = SmartShopAI.SmartShopAI;
				PRODUCT_NAME = "$(TARGET_NAME)";
				SWIFT_EMIT_LOC_STRINGS = YES;
				SWIFT_VERSION = 5.0;
				TARGETED_DEVICE_FAMILY = "1,2";
			};
			name = Release;
		};
/* End XCBuildConfiguration section */

/* Begin XCConfigurationList section */
		3D3AB2B12F77D0BB000420A2 /* Build configuration list for PBXProject "SmartShopAI" */ = {
			isa = XCConfigurationList;
			buildConfigurations = (
				3D3AB2C22F77D0BE000420A2 /* Debug */,
				3D3AB2C32F77D0BE000420A2 /* Release */,
			);
			defaultConfigurationIsVisible = 0;
			defaultConfigurationName = Release;
		};
		3D3AB2C42F77D0BE000420A2 /* Build configuration list for PBXNativeTarget "SmartShopAI" */ = {
			isa = XCConfigurationList;
			buildConfigurations = (
				3D3AB2C52F77D0BE000420A2 /* Debug */,
				3D3AB2C62F77D0BE000420A2 /* Release */,
			);
			defaultConfigurationIsVisible = 0;
			defaultConfigurationName = Release;
		};
/* End XCConfigurationList section */
	};
	rootObject = 3D3AB2AE2F77D0BB000420A2 /* Project object */;
}
